{
  "name": "filter-cli",
  "version": "0.1.1",
  "lockfileVersion": 3,
  "requires": true,
  "packages": {
    "": {
      "name": "filter-cli",
      "version": "0.1.1",
      "license": "MIT",
      "bin": {
        "filter": "src/index.js"
      },
      "engines": {
        "node": ">=20.0.0"
      }
    }
  }
}
